<?xml version="1.0" encoding="utf-8"?>
<Project ToolsVersion="4.0" xmlns="http://schemas.microsoft.com/developer/msbuild/2003">
  <ItemGroup>
    <Filter Include="Collision">
      <UniqueIdentifier>{B0999999-9999-4999-8999-999999999991}</UniqueIdentifier>
    </Filter>
  </ItemGroup>
  <ItemGroup>
    <ClCompile Include="Collision\CollisionTests.cpp">
      <Filter>Collision</Filter>
    </ClCompile>
  </ItemGroup>
</Project>
