<?xml version="1.0" encoding="utf-8"?>
<Project ToolsVersion="4.0" xmlns="http://schemas.microsoft.com/developer/msbuild/2003">
  <ItemGroup>
    <Filter Include="App">
      <UniqueIdentifier>{40444444-4444-4444-8444-444444444441}</UniqueIdentifier>
    </Filter>
    <Filter Include="Scene">
      <UniqueIdentifier>{40444444-4444-4444-8444-444444444442}</UniqueIdentifier>
    </Filter>
    <Filter Include="Client">
      <UniqueIdentifier>{40444444-4444-4444-8444-444444444444}</UniqueIdentifier>
    </Filter>
    <Filter Include="System">
      <UniqueIdentifier>{40444444-4444-4444-8444-444444444443}</UniqueIdentifier>
    </Filter>
    <Filter Include="Visual2D">
      <UniqueIdentifier>{40444444-4444-4444-8444-444444444445}</UniqueIdentifier>
    </Filter>
  </ItemGroup>
  <ItemGroup>
    <ClInclude Include="App\Engine.h">
      <Filter>App</Filter>
    </ClInclude>
    <ClInclude Include="Client\IGameClient.h">
      <Filter>Client</Filter>
    </ClInclude>
    <ClInclude Include="Client\SceneGameClient.h">
      <Filter>Client</Filter>
    </ClInclude>
    <ClInclude Include="Scene\GameScene.h">
      <Filter>Scene</Filter>
    </ClInclude>
    <ClInclude Include="Scene\SceneManager.h">
      <Filter>Scene</Filter>
    </ClInclude>
    <ClInclude Include="System\Camera.h">
      <Filter>System</Filter>
    </ClInclude>
    <ClInclude Include="System\HighResolutionClock.h">
      <Filter>System</Filter>
    </ClInclude>
    <ClInclude Include="System\MeshInstance.h">
      <Filter>System</Filter>
    </ClInclude>
    <ClInclude Include="System\TransformNode.h">
      <Filter>System</Filter>
    </ClInclude>
    <ClInclude Include="Visual2D\Visual2DNode.h"><Filter>Visual2D</Filter></ClInclude>
    <ClInclude Include="Visual2D\Visual2DCanvas.h"><Filter>Visual2D</Filter></ClInclude>
    <ClInclude Include="Visual2D\Visual2DComponents.h"><Filter>Visual2D</Filter></ClInclude>
    <ClInclude Include="Visual2D\Visual2DInputRouter.h"><Filter>Visual2D</Filter></ClInclude>
    <ClInclude Include="Visual2D\Visual2DSurface.h"><Filter>Visual2D</Filter></ClInclude>
    <ClInclude Include="Visual2D\Visual2DWidgets.h"><Filter>Visual2D</Filter></ClInclude>
  </ItemGroup>
  <ItemGroup>
    <ClCompile Include="App\Engine.cpp">
      <Filter>App</Filter>
    </ClCompile>
    <ClCompile Include="Client\IGameClient.cpp">
      <Filter>Client</Filter>
    </ClCompile>
    <ClCompile Include="Client\SceneGameClient.cpp">
      <Filter>Client</Filter>
    </ClCompile>
    <ClCompile Include="Scene\GameScene.cpp">
      <Filter>Scene</Filter>
    </ClCompile>
    <ClCompile Include="Scene\SceneManager.cpp">
      <Filter>Scene</Filter>
    </ClCompile>
    <ClCompile Include="System\Camera.cpp">
      <Filter>System</Filter>
    </ClCompile>
    <ClCompile Include="System\HighResolutionClock.cpp">
      <Filter>System</Filter>
    </ClCompile>
    <ClCompile Include="System\MeshInstance.cpp">
      <Filter>System</Filter>
    </ClCompile>
    <ClCompile Include="System\TransformNode.cpp">
      <Filter>System</Filter>
    </ClCompile>
    <ClCompile Include="Visual2D\Visual2DNode.cpp"><Filter>Visual2D</Filter></ClCompile>
    <ClCompile Include="Visual2D\Visual2DCanvas.cpp"><Filter>Visual2D</Filter></ClCompile>
    <ClCompile Include="Visual2D\Visual2DComponents.cpp"><Filter>Visual2D</Filter></ClCompile>
    <ClCompile Include="Visual2D\Visual2DInputRouter.cpp"><Filter>Visual2D</Filter></ClCompile>
    <ClCompile Include="Visual2D\Visual2DSurface.cpp"><Filter>Visual2D</Filter></ClCompile>
    <ClCompile Include="Visual2D\Visual2DWidgets.cpp"><Filter>Visual2D</Filter></ClCompile>
  </ItemGroup>
</Project>
